
Microsoft Visual Studio Solution File, Format Version 12.00
# Visual Studio Version 16
VisualStudioVersion = 16.0.31313.79
MinimumVisualStudioVersion = 10.0.40219.1
Project("{2150E333-8FDC-42A3-9474-1A3956D46DE8}") = "src", "src", "{2C543558-D48A-4446-8355-78287237F227}"
EndProject
Project("{2150E333-8FDC-42A3-9474-1A3956D46DE8}") = "Services", "Services", "{B7E86CC7-5B14-4F4C-B5DA-97C9FB90E259}"
EndProject
Project("{2150E333-8FDC-42A3-9474-1A3956D46DE8}") = "BuildingBlocks", "BuildingBlocks", "{C2207D9F-8000-42DF-99FC-98081C13A015}"
EndProject
Project("{2150E333-8FDC-42A3-9474-1A3956D46DE8}") = "EventBus", "EventBus", "{F880B55A-2C50-4EE3-8F1B-C395F5F50A61}"
EndProject
Project("{2150E333-8FDC-42A3-9474-1A3956D46DE8}") = "WebHost", "WebHost", "{3504D2A5-FF02-481E-B505-A3B55610CCC6}"
EndProject
Project("{2150E333-8FDC-42A3-9474-1A3956D46DE8}") = "Utils", "Utils", "{FA60E9A6-E5BE-4A71-B33B-30546D80532A}"
EndProject
Project("{9A19103F-16F7-4668-BE54-9A1E7A4F7556}") = "EventBus", "src\BuildingBlocks\EventBus\EventBus\EventBus.csproj", "{7B45728D-0E5C-409D-9A5D-4638E5500C47}"
EndProject
Project("{9A19103F-16F7-4668-BE54-9A1E7A4F7556}") = "EventBusRabbitMQ", "src\BuildingBlocks\EventBus\EventBusRabbitMQ\EventBusRabbitMQ.csproj", "{50BE9519-08D0-4DBD-96F8-DDCC6B60D79C}"
EndProject
Project("{9A19103F-16F7-4668-BE54-9A1E7A4F7556}") = "IntegrationEventLogEF", "src\BuildingBlocks\EventBus\IntegrationEventLogEF\IntegrationEventLogEF.csproj", "{3BFD3E45-EA61-4A8F-9D80-BD1CFD643D8E}"
EndProject
Project("{2150E333-8FDC-42A3-9474-1A3956D46DE8}") = "WebHost.Customization", "WebHost.Customization", "{3730B98A-EBC8-4BAC-8C22-960866FB8D11}"
EndProject
Project("{9A19103F-16F7-4668-BE54-9A1E7A4F7556}") = "WebHost.Customization", "src\BuildingBlocks\WebHostCustomization\WebHost.Customization\WebHost.Customization.csproj", "{2A23D859-8D55-4F21-B61A-1962F2EB323D}"
EndProject
Project("{2150E333-8FDC-42A3-9474-1A3956D46DE8}") = "Templates.API", "Templates.API", "{FB1B4609-36AF-4F91-B3AD-5B2A4C11362D}"
EndProject
Project("{9A19103F-16F7-4668-BE54-9A1E7A4F7556}") = "Templates.API", "src\Services\Templates.API\Templates.API.csproj", "{78AC01D1-D700-41D2-BA9E-0AFEA4D73CC1}"
EndProject
Project("{9A19103F-16F7-4668-BE54-9A1E7A4F7556}") = "Utils", "src\BuildingBlocks\Utils\Utils\Utils.csproj", "{C909538A-C107-4701-98DA-2426BC758C3A}"
EndProject
Global
	GlobalSection(SolutionConfigurationPlatforms) = preSolution
		Debug|Any CPU = Debug|Any CPU
		Release|Any CPU = Release|Any CPU
	EndGlobalSection
	GlobalSection(ProjectConfigurationPlatforms) = postSolution
		{7B45728D-0E5C-409D-9A5D-4638E5500C47}.Debug|Any CPU.ActiveCfg = Debug|Any CPU
		{7B45728D-0E5C-409D-9A5D-4638E5500C47}.Debug|Any CPU.Build.0 = Debug|Any CPU
		{7B45728D-0E5C-409D-9A5D-4638E5500C47}.Release|Any CPU.ActiveCfg = Release|Any CPU
		{7B45728D-0E5C-409D-9A5D-4638E5500C47}.Release|Any CPU.Build.0 = Release|Any CPU
		{50BE9519-08D0-4DBD-96F8-DDCC6B60D79C}.Debug|Any CPU.ActiveCfg = Debug|Any CPU
		{50BE9519-08D0-4DBD-96F8-DDCC6B60D79C}.Debug|Any CPU.Build.0 = Debug|Any CPU
		{50BE9519-08D0-4DBD-96F8-DDCC6B60D79C}.Release|Any CPU.ActiveCfg = Release|Any CPU
		{50BE9519-08D0-4DBD-96F8-DDCC6B60D79C}.Release|Any CPU.Build.0 = Release|Any CPU
		{3BFD3E45-EA61-4A8F-9D80-BD1CFD643D8E}.Debug|Any CPU.ActiveCfg = Debug|Any CPU
		{3BFD3E45-EA61-4A8F-9D80-BD1CFD643D8E}.Debug|Any CPU.Build.0 = Debug|Any CPU
		{3BFD3E45-EA61-4A8F-9D80-BD1CFD643D8E}.Release|Any CPU.ActiveCfg = Release|Any CPU
		{3BFD3E45-EA61-4A8F-9D80-BD1CFD643D8E}.Release|Any CPU.Build.0 = Release|Any CPU
		{2A23D859-8D55-4F21-B61A-1962F2EB323D}.Debug|Any CPU.ActiveCfg = Debug|Any CPU
		{2A23D859-8D55-4F21-B61A-1962F2EB323D}.Debug|Any CPU.Build.0 = Debug|Any CPU
		{2A23D859-8D55-4F21-B61A-1962F2EB323D}.Release|Any CPU.ActiveCfg = Release|Any CPU
		{2A23D859-8D55-4F21-B61A-1962F2EB323D}.Release|Any CPU.Build.0 = Release|Any CPU
		{78AC01D1-D700-41D2-BA9E-0AFEA4D73CC1}.Debug|Any CPU.ActiveCfg = Debug|Any CPU
		{78AC01D1-D700-41D2-BA9E-0AFEA4D73CC1}.Debug|Any CPU.Build.0 = Debug|Any CPU
		{78AC01D1-D700-41D2-BA9E-0AFEA4D73CC1}.Release|Any CPU.ActiveCfg = Release|Any CPU
		{78AC01D1-D700-41D2-BA9E-0AFEA4D73CC1}.Release|Any CPU.Build.0 = Release|Any CPU
		{C909538A-C107-4701-98DA-2426BC758C3A}.Debug|Any CPU.ActiveCfg = Debug|Any CPU
		{C909538A-C107-4701-98DA-2426BC758C3A}.Debug|Any CPU.Build.0 = Debug|Any CPU
		{C909538A-C107-4701-98DA-2426BC758C3A}.Release|Any CPU.ActiveCfg = Release|Any CPU
		{C909538A-C107-4701-98DA-2426BC758C3A}.Release|Any CPU.Build.0 = Release|Any CPU
	EndGlobalSection
	GlobalSection(SolutionProperties) = preSolution
		HideSolutionNode = FALSE
	EndGlobalSection
	GlobalSection(NestedProjects) = preSolution
		{B7E86CC7-5B14-4F4C-B5DA-97C9FB90E259} = {2C543558-D48A-4446-8355-78287237F227}
		{C2207D9F-8000-42DF-99FC-98081C13A015} = {2C543558-D48A-4446-8355-78287237F227}
		{F880B55A-2C50-4EE3-8F1B-C395F5F50A61} = {C2207D9F-8000-42DF-99FC-98081C13A015}
		{3504D2A5-FF02-481E-B505-A3B55610CCC6} = {C2207D9F-8000-42DF-99FC-98081C13A015}
		{FA60E9A6-E5BE-4A71-B33B-30546D80532A} = {C2207D9F-8000-42DF-99FC-98081C13A015}
		{7B45728D-0E5C-409D-9A5D-4638E5500C47} = {F880B55A-2C50-4EE3-8F1B-C395F5F50A61}
		{50BE9519-08D0-4DBD-96F8-DDCC6B60D79C} = {F880B55A-2C50-4EE3-8F1B-C395F5F50A61}
		{3BFD3E45-EA61-4A8F-9D80-BD1CFD643D8E} = {F880B55A-2C50-4EE3-8F1B-C395F5F50A61}
		{3730B98A-EBC8-4BAC-8C22-960866FB8D11} = {3504D2A5-FF02-481E-B505-A3B55610CCC6}
		{2A23D859-8D55-4F21-B61A-1962F2EB323D} = {3730B98A-EBC8-4BAC-8C22-960866FB8D11}
		{FB1B4609-36AF-4F91-B3AD-5B2A4C11362D} = {B7E86CC7-5B14-4F4C-B5DA-97C9FB90E259}
		{78AC01D1-D700-41D2-BA9E-0AFEA4D73CC1} = {FB1B4609-36AF-4F91-B3AD-5B2A4C11362D}
		{C909538A-C107-4701-98DA-2426BC758C3A} = {FA60E9A6-E5BE-4A71-B33B-30546D80532A}
	EndGlobalSection
	GlobalSection(ExtensibilityGlobals) = postSolution
		SolutionGuid = {073F24A8-E7A2-4EE5-A705-24694D9383AF}
	EndGlobalSection
	GlobalSection(SubversionScc) = preSolution
		Svn-Managed = True
		Manager = AnkhSVN - Subversion Support for Visual Studio
	EndGlobalSection
EndGlobal
